
Microsoft Visual Studio Solution File, Format Version 12.00
# Visual Studio Version 16
VisualStudioVersion = 16.0.31105.61
MinimumVisualStudioVersion = 10.0.40219.1
Project("{FAE04EC0-301F-11D3-BF4B-00C04F79EFBC}") = "Rozdzial13_zad16", "Rozdzial13_zad16\Rozdzial13_zad16.csproj", "{731FC8FB-B274-4948-9CA8-6EE373340CE7}"
EndProject
Global
	GlobalSection(SolutionConfigurationPlatforms) = preSolution
		Debug|Any CPU = Debug|Any CPU
		Release|Any CPU = Release|Any CPU
	EndGlobalSection
	GlobalSection(ProjectConfigurationPlatforms) = postSolution
		{731FC8FB-B274-4948-9CA8-6EE373340CE7}.Debug|Any CPU.ActiveCfg = Debug|Any CPU
		{731FC8FB-B274-4948-9CA8-6EE373340CE7}.Debug|Any CPU.Build.0 = Debug|Any CPU
		{731FC8FB-B274-4948-9CA8-6EE373340CE7}.Release|Any CPU.ActiveCfg = Release|Any CPU
		{731FC8FB-B274-4948-9CA8-6EE373340CE7}.Release|Any CPU.Build.0 = Release|Any CPU
	EndGlobalSection
	GlobalSection(SolutionProperties) = preSolution
		HideSolutionNode = FALSE
	EndGlobalSection
	GlobalSection(ExtensibilityGlobals) = postSolution
		SolutionGuid = {3B9FB9E0-009E-4868-9110-B76A9DE0DE9E}
	EndGlobalSection
EndGlobal
