
Microsoft Visual Studio Solution File, Format Version 12.00
# Visual Studio Version 16
VisualStudioVersion = 16.0.31105.61
MinimumVisualStudioVersion = 10.0.40219.1
Project("{FAE04EC0-301F-11D3-BF4B-00C04F79EFBC}") = "Rozdzial7_zad6", "Rozdzial7_zad6\Rozdzial7_zad6.csproj", "{F5481DF3-CA99-46BA-B9E4-99B7BC077AB6}"
EndProject
Global
	GlobalSection(SolutionConfigurationPlatforms) = preSolution
		Debug|Any CPU = Debug|Any CPU
		Release|Any CPU = Release|Any CPU
	EndGlobalSection
	GlobalSection(ProjectConfigurationPlatforms) = postSolution
		{F5481DF3-CA99-46BA-B9E4-99B7BC077AB6}.Debug|Any CPU.ActiveCfg = Debug|Any CPU
		{F5481DF3-CA99-46BA-B9E4-99B7BC077AB6}.Debug|Any CPU.Build.0 = Debug|Any CPU
		{F5481DF3-CA99-46BA-B9E4-99B7BC077AB6}.Release|Any CPU.ActiveCfg = Release|Any CPU
		{F5481DF3-CA99-46BA-B9E4-99B7BC077AB6}.Release|Any CPU.Build.0 = Release|Any CPU
	EndGlobalSection
	GlobalSection(SolutionProperties) = preSolution
		HideSolutionNode = FALSE
	EndGlobalSection
	GlobalSection(ExtensibilityGlobals) = postSolution
		SolutionGuid = {9BB1D261-4E25-44A4-8D6F-15E6081F6C68}
	EndGlobalSection
EndGlobal
