
Microsoft Visual Studio Solution File, Format Version 12.00
# Visual Studio Version 16
VisualStudioVersion = 16.0.31005.135
MinimumVisualStudioVersion = 10.0.40219.1
Project("{FAE04EC0-301F-11D3-BF4B-00C04F79EFBC}") = "Rozdzial5_zad5", "Rozdzial5_zad5\Rozdzial5_zad5.csproj", "{F17B954F-8ADA-43C5-A9C4-717CF3161F8E}"
EndProject
Global
	GlobalSection(SolutionConfigurationPlatforms) = preSolution
		Debug|Any CPU = Debug|Any CPU
		Release|Any CPU = Release|Any CPU
	EndGlobalSection
	GlobalSection(ProjectConfigurationPlatforms) = postSolution
		{F17B954F-8ADA-43C5-A9C4-717CF3161F8E}.Debug|Any CPU.ActiveCfg = Debug|Any CPU
		{F17B954F-8ADA-43C5-A9C4-717CF3161F8E}.Debug|Any CPU.Build.0 = Debug|Any CPU
		{F17B954F-8ADA-43C5-A9C4-717CF3161F8E}.Release|Any CPU.ActiveCfg = Release|Any CPU
		{F17B954F-8ADA-43C5-A9C4-717CF3161F8E}.Release|Any CPU.Build.0 = Release|Any CPU
	EndGlobalSection
	GlobalSection(SolutionProperties) = preSolution
		HideSolutionNode = FALSE
	EndGlobalSection
	GlobalSection(ExtensibilityGlobals) = postSolution
		SolutionGuid = {376074B1-2430-412F-8CA6-202458A1146E}
	EndGlobalSection
EndGlobal
