
Microsoft Visual Studio Solution File, Format Version 12.00
# Visual Studio Version 16
VisualStudioVersion = 16.0.31105.61
MinimumVisualStudioVersion = 10.0.40219.1
Project("{FAE04EC0-301F-11D3-BF4B-00C04F79EFBC}") = "Rozdzial12_zad8", "Rozdzial12_zad8\Rozdzial12_zad8.csproj", "{FC017F51-77D3-4FA1-A06D-8C427989D19B}"
EndProject
Global
	GlobalSection(SolutionConfigurationPlatforms) = preSolution
		Debug|Any CPU = Debug|Any CPU
		Release|Any CPU = Release|Any CPU
	EndGlobalSection
	GlobalSection(ProjectConfigurationPlatforms) = postSolution
		{FC017F51-77D3-4FA1-A06D-8C427989D19B}.Debug|Any CPU.ActiveCfg = Debug|Any CPU
		{FC017F51-77D3-4FA1-A06D-8C427989D19B}.Debug|Any CPU.Build.0 = Debug|Any CPU
		{FC017F51-77D3-4FA1-A06D-8C427989D19B}.Release|Any CPU.ActiveCfg = Release|Any CPU
		{FC017F51-77D3-4FA1-A06D-8C427989D19B}.Release|Any CPU.Build.0 = Release|Any CPU
	EndGlobalSection
	GlobalSection(SolutionProperties) = preSolution
		HideSolutionNode = FALSE
	EndGlobalSection
	GlobalSection(ExtensibilityGlobals) = postSolution
		SolutionGuid = {77FA5A48-28CE-41E7-A06C-EBA1C1C668C4}
	EndGlobalSection
EndGlobal
