
Microsoft Visual Studio Solution File, Format Version 12.00
# Visual Studio Version 16
VisualStudioVersion = 16.0.31105.61
MinimumVisualStudioVersion = 10.0.40219.1
Project("{FAE04EC0-301F-11D3-BF4B-00C04F79EFBC}") = "Rozdzial16_zad7", "Rozdzial16_zad7\Rozdzial16_zad7.csproj", "{32914175-D048-4A31-ACD3-4E8796A4E25D}"
EndProject
Global
	GlobalSection(SolutionConfigurationPlatforms) = preSolution
		Debug|Any CPU = Debug|Any CPU
		Release|Any CPU = Release|Any CPU
	EndGlobalSection
	GlobalSection(ProjectConfigurationPlatforms) = postSolution
		{32914175-D048-4A31-ACD3-4E8796A4E25D}.Debug|Any CPU.ActiveCfg = Debug|Any CPU
		{32914175-D048-4A31-ACD3-4E8796A4E25D}.Debug|Any CPU.Build.0 = Debug|Any CPU
		{32914175-D048-4A31-ACD3-4E8796A4E25D}.Release|Any CPU.ActiveCfg = Release|Any CPU
		{32914175-D048-4A31-ACD3-4E8796A4E25D}.Release|Any CPU.Build.0 = Release|Any CPU
	EndGlobalSection
	GlobalSection(SolutionProperties) = preSolution
		HideSolutionNode = FALSE
	EndGlobalSection
	GlobalSection(ExtensibilityGlobals) = postSolution
		SolutionGuid = {B00FF6A2-541C-415D-8C3B-362DCAE0542D}
	EndGlobalSection
EndGlobal
