
Microsoft Visual Studio Solution File, Format Version 12.00
# Visual Studio Version 16
VisualStudioVersion = 16.0.31105.61
MinimumVisualStudioVersion = 10.0.40219.1
Project("{FAE04EC0-301F-11D3-BF4B-00C04F79EFBC}") = "Rozdzial7_zad16", "Rozdzial7_zad16\Rozdzial7_zad16.csproj", "{CAFD5590-17C9-4EF5-B1A8-0A557A4E8259}"
EndProject
Global
	GlobalSection(SolutionConfigurationPlatforms) = preSolution
		Debug|Any CPU = Debug|Any CPU
		Release|Any CPU = Release|Any CPU
	EndGlobalSection
	GlobalSection(ProjectConfigurationPlatforms) = postSolution
		{CAFD5590-17C9-4EF5-B1A8-0A557A4E8259}.Debug|Any CPU.ActiveCfg = Debug|Any CPU
		{CAFD5590-17C9-4EF5-B1A8-0A557A4E8259}.Debug|Any CPU.Build.0 = Debug|Any CPU
		{CAFD5590-17C9-4EF5-B1A8-0A557A4E8259}.Release|Any CPU.ActiveCfg = Release|Any CPU
		{CAFD5590-17C9-4EF5-B1A8-0A557A4E8259}.Release|Any CPU.Build.0 = Release|Any CPU
	EndGlobalSection
	GlobalSection(SolutionProperties) = preSolution
		HideSolutionNode = FALSE
	EndGlobalSection
	GlobalSection(ExtensibilityGlobals) = postSolution
		SolutionGuid = {DE6179E1-A8FA-4AA4-8D36-6CFD34E42D5F}
	EndGlobalSection
EndGlobal
