
Microsoft Visual Studio Solution File, Format Version 12.00
# Visual Studio Version 16
VisualStudioVersion = 16.0.31105.61
MinimumVisualStudioVersion = 10.0.40219.1
Project("{FAE04EC0-301F-11D3-BF4B-00C04F79EFBC}") = "Rozdzial11_zad6", "Rozdzial11_zad6\Rozdzial11_zad6.csproj", "{1621313D-6D80-4990-9097-0967C4E2349F}"
EndProject
Global
	GlobalSection(SolutionConfigurationPlatforms) = preSolution
		Debug|Any CPU = Debug|Any CPU
		Release|Any CPU = Release|Any CPU
	EndGlobalSection
	GlobalSection(ProjectConfigurationPlatforms) = postSolution
		{1621313D-6D80-4990-9097-0967C4E2349F}.Debug|Any CPU.ActiveCfg = Debug|Any CPU
		{1621313D-6D80-4990-9097-0967C4E2349F}.Debug|Any CPU.Build.0 = Debug|Any CPU
		{1621313D-6D80-4990-9097-0967C4E2349F}.Release|Any CPU.ActiveCfg = Release|Any CPU
		{1621313D-6D80-4990-9097-0967C4E2349F}.Release|Any CPU.Build.0 = Release|Any CPU
	EndGlobalSection
	GlobalSection(SolutionProperties) = preSolution
		HideSolutionNode = FALSE
	EndGlobalSection
	GlobalSection(ExtensibilityGlobals) = postSolution
		SolutionGuid = {57D8E311-A44B-4D03-A71B-7603D6C39080}
	EndGlobalSection
EndGlobal
