
Microsoft Visual Studio Solution File, Format Version 12.00
# Visual Studio Version 16
VisualStudioVersion = 16.0.31105.61
MinimumVisualStudioVersion = 10.0.40219.1
Project("{FAE04EC0-301F-11D3-BF4B-00C04F79EFBC}") = "Rozdzial11_zad8", "Rozdzial11_zad8\Rozdzial11_zad8.csproj", "{BDBCBE17-3CFE-434F-BC34-262AD6872901}"
EndProject
Global
	GlobalSection(SolutionConfigurationPlatforms) = preSolution
		Debug|Any CPU = Debug|Any CPU
		Release|Any CPU = Release|Any CPU
	EndGlobalSection
	GlobalSection(ProjectConfigurationPlatforms) = postSolution
		{BDBCBE17-3CFE-434F-BC34-262AD6872901}.Debug|Any CPU.ActiveCfg = Debug|Any CPU
		{BDBCBE17-3CFE-434F-BC34-262AD6872901}.Debug|Any CPU.Build.0 = Debug|Any CPU
		{BDBCBE17-3CFE-434F-BC34-262AD6872901}.Release|Any CPU.ActiveCfg = Release|Any CPU
		{BDBCBE17-3CFE-434F-BC34-262AD6872901}.Release|Any CPU.Build.0 = Release|Any CPU
	EndGlobalSection
	GlobalSection(SolutionProperties) = preSolution
		HideSolutionNode = FALSE
	EndGlobalSection
	GlobalSection(ExtensibilityGlobals) = postSolution
		SolutionGuid = {D5B0DC26-B4E2-4EAD-8B19-D24372898FB2}
	EndGlobalSection
EndGlobal
