
Microsoft Visual Studio Solution File, Format Version 12.00
# Visual Studio Version 16
VisualStudioVersion = 16.0.31105.61
MinimumVisualStudioVersion = 10.0.40219.1
Project("{FAE04EC0-301F-11D3-BF4B-00C04F79EFBC}") = "Rozdzial16_zad2", "Rozdzial16_zad2\Rozdzial16_zad2.csproj", "{A5020DE6-D10B-4FF4-9444-68330F1FE551}"
EndProject
Global
	GlobalSection(SolutionConfigurationPlatforms) = preSolution
		Debug|Any CPU = Debug|Any CPU
		Release|Any CPU = Release|Any CPU
	EndGlobalSection
	GlobalSection(ProjectConfigurationPlatforms) = postSolution
		{A5020DE6-D10B-4FF4-9444-68330F1FE551}.Debug|Any CPU.ActiveCfg = Debug|Any CPU
		{A5020DE6-D10B-4FF4-9444-68330F1FE551}.Debug|Any CPU.Build.0 = Debug|Any CPU
		{A5020DE6-D10B-4FF4-9444-68330F1FE551}.Release|Any CPU.ActiveCfg = Release|Any CPU
		{A5020DE6-D10B-4FF4-9444-68330F1FE551}.Release|Any CPU.Build.0 = Release|Any CPU
	EndGlobalSection
	GlobalSection(SolutionProperties) = preSolution
		HideSolutionNode = FALSE
	EndGlobalSection
	GlobalSection(ExtensibilityGlobals) = postSolution
		SolutionGuid = {407428D7-A699-4F20-AB2A-59C02180B89B}
	EndGlobalSection
EndGlobal
