
Microsoft Visual Studio Solution File, Format Version 12.00
# Visual Studio Version 16
VisualStudioVersion = 16.0.31105.61
MinimumVisualStudioVersion = 10.0.40219.1
Project("{FAE04EC0-301F-11D3-BF4B-00C04F79EFBC}") = "Rozdzial8_zad14", "Rozdzial8_zad14\Rozdzial8_zad14.csproj", "{BE33F9A0-342B-452F-BF81-A3F248F700EB}"
EndProject
Global
	GlobalSection(SolutionConfigurationPlatforms) = preSolution
		Debug|Any CPU = Debug|Any CPU
		Release|Any CPU = Release|Any CPU
	EndGlobalSection
	GlobalSection(ProjectConfigurationPlatforms) = postSolution
		{BE33F9A0-342B-452F-BF81-A3F248F700EB}.Debug|Any CPU.ActiveCfg = Debug|Any CPU
		{BE33F9A0-342B-452F-BF81-A3F248F700EB}.Debug|Any CPU.Build.0 = Debug|Any CPU
		{BE33F9A0-342B-452F-BF81-A3F248F700EB}.Release|Any CPU.ActiveCfg = Release|Any CPU
		{BE33F9A0-342B-452F-BF81-A3F248F700EB}.Release|Any CPU.Build.0 = Release|Any CPU
	EndGlobalSection
	GlobalSection(SolutionProperties) = preSolution
		HideSolutionNode = FALSE
	EndGlobalSection
	GlobalSection(ExtensibilityGlobals) = postSolution
		SolutionGuid = {77292E19-1F55-4D61-A129-47142D7ED0DD}
	EndGlobalSection
EndGlobal
