
Microsoft Visual Studio Solution File, Format Version 12.00
# Visual Studio Version 16
VisualStudioVersion = 16.0.31105.61
MinimumVisualStudioVersion = 10.0.40219.1
Project("{9A19103F-16F7-4668-BE54-9A1E7A4F7556}") = "Rozdzial8_zad11", "Rozdzial10_zad11\Rozdzial8_zad11.csproj", "{D3C76DE6-A8ED-4996-9B1C-BF5F65B1A39A}"
EndProject
Global
	GlobalSection(SolutionConfigurationPlatforms) = preSolution
		Debug|Any CPU = Debug|Any CPU
		Release|Any CPU = Release|Any CPU
	EndGlobalSection
	GlobalSection(ProjectConfigurationPlatforms) = postSolution
		{D3C76DE6-A8ED-4996-9B1C-BF5F65B1A39A}.Debug|Any CPU.ActiveCfg = Debug|Any CPU
		{D3C76DE6-A8ED-4996-9B1C-BF5F65B1A39A}.Debug|Any CPU.Build.0 = Debug|Any CPU
		{D3C76DE6-A8ED-4996-9B1C-BF5F65B1A39A}.Release|Any CPU.ActiveCfg = Release|Any CPU
		{D3C76DE6-A8ED-4996-9B1C-BF5F65B1A39A}.Release|Any CPU.Build.0 = Release|Any CPU
	EndGlobalSection
	GlobalSection(SolutionProperties) = preSolution
		HideSolutionNode = FALSE
	EndGlobalSection
	GlobalSection(ExtensibilityGlobals) = postSolution
		SolutionGuid = {A8C7F204-C6B8-4B25-B63A-48815DD28ED9}
	EndGlobalSection
EndGlobal
