
Microsoft Visual Studio Solution File, Format Version 12.00
# Visual Studio Version 16
VisualStudioVersion = 16.0.31005.135
MinimumVisualStudioVersion = 10.0.40219.1
Project("{FAE04EC0-301F-11D3-BF4B-00C04F79EFBC}") = "Rozdzial6_zad4", "Rozdzial6_zad4\Rozdzial6_zad4.csproj", "{696FD8E1-78C5-4D61-8306-EF498AA4BBDB}"
EndProject
Global
	GlobalSection(SolutionConfigurationPlatforms) = preSolution
		Debug|Any CPU = Debug|Any CPU
		Release|Any CPU = Release|Any CPU
	EndGlobalSection
	GlobalSection(ProjectConfigurationPlatforms) = postSolution
		{696FD8E1-78C5-4D61-8306-EF498AA4BBDB}.Debug|Any CPU.ActiveCfg = Debug|Any CPU
		{696FD8E1-78C5-4D61-8306-EF498AA4BBDB}.Debug|Any CPU.Build.0 = Debug|Any CPU
		{696FD8E1-78C5-4D61-8306-EF498AA4BBDB}.Release|Any CPU.ActiveCfg = Release|Any CPU
		{696FD8E1-78C5-4D61-8306-EF498AA4BBDB}.Release|Any CPU.Build.0 = Release|Any CPU
	EndGlobalSection
	GlobalSection(SolutionProperties) = preSolution
		HideSolutionNode = FALSE
	EndGlobalSection
	GlobalSection(ExtensibilityGlobals) = postSolution
		SolutionGuid = {825C12BE-0BA9-46B9-AB76-3E051A29871B}
	EndGlobalSection
EndGlobal
