
Microsoft Visual Studio Solution File, Format Version 12.00
# Visual Studio Version 16
VisualStudioVersion = 16.0.31424.327
MinimumVisualStudioVersion = 10.0.40219.1
Project("{FAE04EC0-301F-11D3-BF4B-00C04F79EFBC}") = "Rozdzial21_zad1", "Rozdzial21_zad1\Rozdzial21_zad1.csproj", "{4E1FE4F1-7A23-4544-A467-E86495BC6E84}"
EndProject
Global
	GlobalSection(SolutionConfigurationPlatforms) = preSolution
		Debug|Any CPU = Debug|Any CPU
		Release|Any CPU = Release|Any CPU
	EndGlobalSection
	GlobalSection(ProjectConfigurationPlatforms) = postSolution
		{4E1FE4F1-7A23-4544-A467-E86495BC6E84}.Debug|Any CPU.ActiveCfg = Debug|Any CPU
		{4E1FE4F1-7A23-4544-A467-E86495BC6E84}.Debug|Any CPU.Build.0 = Debug|Any CPU
		{4E1FE4F1-7A23-4544-A467-E86495BC6E84}.Release|Any CPU.ActiveCfg = Release|Any CPU
		{4E1FE4F1-7A23-4544-A467-E86495BC6E84}.Release|Any CPU.Build.0 = Release|Any CPU
	EndGlobalSection
	GlobalSection(SolutionProperties) = preSolution
		HideSolutionNode = FALSE
	EndGlobalSection
	GlobalSection(ExtensibilityGlobals) = postSolution
		SolutionGuid = {16F85658-DECA-40EA-8C5D-A22AB9809316}
	EndGlobalSection
EndGlobal
