
Microsoft Visual Studio Solution File, Format Version 12.00
# Visual Studio Version 16
VisualStudioVersion = 16.0.31105.61
MinimumVisualStudioVersion = 10.0.40219.1
Project("{FAE04EC0-301F-11D3-BF4B-00C04F79EFBC}") = "Rozdzial9_zad7", "Rozdzial9_zad7\Rozdzial9_zad7.csproj", "{2E290FC9-3FD1-4A93-A1CD-115FCF1E3426}"
EndProject
Global
	GlobalSection(SolutionConfigurationPlatforms) = preSolution
		Debug|Any CPU = Debug|Any CPU
		Release|Any CPU = Release|Any CPU
	EndGlobalSection
	GlobalSection(ProjectConfigurationPlatforms) = postSolution
		{2E290FC9-3FD1-4A93-A1CD-115FCF1E3426}.Debug|Any CPU.ActiveCfg = Debug|Any CPU
		{2E290FC9-3FD1-4A93-A1CD-115FCF1E3426}.Debug|Any CPU.Build.0 = Debug|Any CPU
		{2E290FC9-3FD1-4A93-A1CD-115FCF1E3426}.Release|Any CPU.ActiveCfg = Release|Any CPU
		{2E290FC9-3FD1-4A93-A1CD-115FCF1E3426}.Release|Any CPU.Build.0 = Release|Any CPU
	EndGlobalSection
	GlobalSection(SolutionProperties) = preSolution
		HideSolutionNode = FALSE
	EndGlobalSection
	GlobalSection(ExtensibilityGlobals) = postSolution
		SolutionGuid = {EF01214C-0DE7-44CB-ADA5-112549B24545}
	EndGlobalSection
EndGlobal
