
Microsoft Visual Studio Solution File, Format Version 12.00
# Visual Studio Version 16
VisualStudioVersion = 16.0.31424.327
MinimumVisualStudioVersion = 10.0.40219.1
Project("{FAE04EC0-301F-11D3-BF4B-00C04F79EFBC}") = "Rozdzial22_zad7_string_extension_method", "Rozdzial22_zad7_string_extension_method\Rozdzial22_zad7_string_extension_method.csproj", "{582CEFF8-F749-420C-AB74-1D10411189AE}"
EndProject
Global
	GlobalSection(SolutionConfigurationPlatforms) = preSolution
		Debug|Any CPU = Debug|Any CPU
		Release|Any CPU = Release|Any CPU
	EndGlobalSection
	GlobalSection(ProjectConfigurationPlatforms) = postSolution
		{582CEFF8-F749-420C-AB74-1D10411189AE}.Debug|Any CPU.ActiveCfg = Debug|Any CPU
		{582CEFF8-F749-420C-AB74-1D10411189AE}.Debug|Any CPU.Build.0 = Debug|Any CPU
		{582CEFF8-F749-420C-AB74-1D10411189AE}.Release|Any CPU.ActiveCfg = Release|Any CPU
		{582CEFF8-F749-420C-AB74-1D10411189AE}.Release|Any CPU.Build.0 = Release|Any CPU
	EndGlobalSection
	GlobalSection(SolutionProperties) = preSolution
		HideSolutionNode = FALSE
	EndGlobalSection
	GlobalSection(ExtensibilityGlobals) = postSolution
		SolutionGuid = {C756417E-8DAC-4E62-B3B2-848398D35BDF}
	EndGlobalSection
EndGlobal
