
Microsoft Visual Studio Solution File, Format Version 12.00
# Visual Studio Version 16
VisualStudioVersion = 16.0.31105.61
MinimumVisualStudioVersion = 10.0.40219.1
Project("{FAE04EC0-301F-11D3-BF4B-00C04F79EFBC}") = "Rozdzial15_zad11", "Rozdzial15_zad11\Rozdzial15_zad11.csproj", "{63173262-6BDE-43BE-8267-1FBC1975CC2B}"
EndProject
Global
	GlobalSection(SolutionConfigurationPlatforms) = preSolution
		Debug|Any CPU = Debug|Any CPU
		Release|Any CPU = Release|Any CPU
	EndGlobalSection
	GlobalSection(ProjectConfigurationPlatforms) = postSolution
		{63173262-6BDE-43BE-8267-1FBC1975CC2B}.Debug|Any CPU.ActiveCfg = Debug|Any CPU
		{63173262-6BDE-43BE-8267-1FBC1975CC2B}.Debug|Any CPU.Build.0 = Debug|Any CPU
		{63173262-6BDE-43BE-8267-1FBC1975CC2B}.Release|Any CPU.ActiveCfg = Release|Any CPU
		{63173262-6BDE-43BE-8267-1FBC1975CC2B}.Release|Any CPU.Build.0 = Release|Any CPU
	EndGlobalSection
	GlobalSection(SolutionProperties) = preSolution
		HideSolutionNode = FALSE
	EndGlobalSection
	GlobalSection(ExtensibilityGlobals) = postSolution
		SolutionGuid = {F1869CB6-BC9B-4EEB-A7A1-F89B71D125F5}
	EndGlobalSection
EndGlobal
