
Microsoft Visual Studio Solution File, Format Version 12.00
# Visual Studio Version 16
VisualStudioVersion = 16.0.31105.61
MinimumVisualStudioVersion = 10.0.40219.1
Project("{FAE04EC0-301F-11D3-BF4B-00C04F79EFBC}") = "Rozdzial13_zad7", "Rozdzial13_zad7\Rozdzial13_zad7.csproj", "{BC3B2FD0-6A33-4A85-A360-AC56DDA1C146}"
EndProject
Global
	GlobalSection(SolutionConfigurationPlatforms) = preSolution
		Debug|Any CPU = Debug|Any CPU
		Release|Any CPU = Release|Any CPU
	EndGlobalSection
	GlobalSection(ProjectConfigurationPlatforms) = postSolution
		{BC3B2FD0-6A33-4A85-A360-AC56DDA1C146}.Debug|Any CPU.ActiveCfg = Debug|Any CPU
		{BC3B2FD0-6A33-4A85-A360-AC56DDA1C146}.Debug|Any CPU.Build.0 = Debug|Any CPU
		{BC3B2FD0-6A33-4A85-A360-AC56DDA1C146}.Release|Any CPU.ActiveCfg = Release|Any CPU
		{BC3B2FD0-6A33-4A85-A360-AC56DDA1C146}.Release|Any CPU.Build.0 = Release|Any CPU
	EndGlobalSection
	GlobalSection(SolutionProperties) = preSolution
		HideSolutionNode = FALSE
	EndGlobalSection
	GlobalSection(ExtensibilityGlobals) = postSolution
		SolutionGuid = {3F16B97E-244A-4A27-8138-F93F4BA9FBA1}
	EndGlobalSection
EndGlobal
