
Microsoft Visual Studio Solution File, Format Version 12.00
# Visual Studio Version 16
VisualStudioVersion = 16.0.31105.61
MinimumVisualStudioVersion = 10.0.40219.1
Project("{FAE04EC0-301F-11D3-BF4B-00C04F79EFBC}") = "Rozdzial16_zad3", "Rozdzial16_zad3\Rozdzial16_zad3.csproj", "{B9169034-9BF4-4125-85C1-61EE48F13E52}"
EndProject
Global
	GlobalSection(SolutionConfigurationPlatforms) = preSolution
		Debug|Any CPU = Debug|Any CPU
		Release|Any CPU = Release|Any CPU
	EndGlobalSection
	GlobalSection(ProjectConfigurationPlatforms) = postSolution
		{B9169034-9BF4-4125-85C1-61EE48F13E52}.Debug|Any CPU.ActiveCfg = Debug|Any CPU
		{B9169034-9BF4-4125-85C1-61EE48F13E52}.Debug|Any CPU.Build.0 = Debug|Any CPU
		{B9169034-9BF4-4125-85C1-61EE48F13E52}.Release|Any CPU.ActiveCfg = Release|Any CPU
		{B9169034-9BF4-4125-85C1-61EE48F13E52}.Release|Any CPU.Build.0 = Release|Any CPU
	EndGlobalSection
	GlobalSection(SolutionProperties) = preSolution
		HideSolutionNode = FALSE
	EndGlobalSection
	GlobalSection(ExtensibilityGlobals) = postSolution
		SolutionGuid = {30F78B16-2688-4806-ACC9-9E438E20817C}
	EndGlobalSection
EndGlobal
