
Microsoft Visual Studio Solution File, Format Version 12.00
# Visual Studio Version 16
VisualStudioVersion = 16.0.31005.135
MinimumVisualStudioVersion = 10.0.40219.1
Project("{FAE04EC0-301F-11D3-BF4B-00C04F79EFBC}") = "Rozdzial5_zad7", "Rozdzial5_zad7\Rozdzial5_zad7.csproj", "{C0869F3F-5E84-4154-844F-AFDE50FF9145}"
EndProject
Global
	GlobalSection(SolutionConfigurationPlatforms) = preSolution
		Debug|Any CPU = Debug|Any CPU
		Release|Any CPU = Release|Any CPU
	EndGlobalSection
	GlobalSection(ProjectConfigurationPlatforms) = postSolution
		{C0869F3F-5E84-4154-844F-AFDE50FF9145}.Debug|Any CPU.ActiveCfg = Debug|Any CPU
		{C0869F3F-5E84-4154-844F-AFDE50FF9145}.Debug|Any CPU.Build.0 = Debug|Any CPU
		{C0869F3F-5E84-4154-844F-AFDE50FF9145}.Release|Any CPU.ActiveCfg = Release|Any CPU
		{C0869F3F-5E84-4154-844F-AFDE50FF9145}.Release|Any CPU.Build.0 = Release|Any CPU
	EndGlobalSection
	GlobalSection(SolutionProperties) = preSolution
		HideSolutionNode = FALSE
	EndGlobalSection
	GlobalSection(ExtensibilityGlobals) = postSolution
		SolutionGuid = {616D4EE3-C293-4FA6-A1B8-1C4AD88A89AA}
	EndGlobalSection
EndGlobal
