
Microsoft Visual Studio Solution File, Format Version 12.00
# Visual Studio Version 16
VisualStudioVersion = 16.0.31105.61
MinimumVisualStudioVersion = 10.0.40219.1
Project("{FAE04EC0-301F-11D3-BF4B-00C04F79EFBC}") = "Rozdzial13_zad22", "Rozdzial13_zad22\Rozdzial13_zad22.csproj", "{DAD8F3AF-8B4C-4CD7-8963-55DB0B3BF11A}"
EndProject
Global
	GlobalSection(SolutionConfigurationPlatforms) = preSolution
		Debug|Any CPU = Debug|Any CPU
		Release|Any CPU = Release|Any CPU
	EndGlobalSection
	GlobalSection(ProjectConfigurationPlatforms) = postSolution
		{DAD8F3AF-8B4C-4CD7-8963-55DB0B3BF11A}.Debug|Any CPU.ActiveCfg = Debug|Any CPU
		{DAD8F3AF-8B4C-4CD7-8963-55DB0B3BF11A}.Debug|Any CPU.Build.0 = Debug|Any CPU
		{DAD8F3AF-8B4C-4CD7-8963-55DB0B3BF11A}.Release|Any CPU.ActiveCfg = Release|Any CPU
		{DAD8F3AF-8B4C-4CD7-8963-55DB0B3BF11A}.Release|Any CPU.Build.0 = Release|Any CPU
	EndGlobalSection
	GlobalSection(SolutionProperties) = preSolution
		HideSolutionNode = FALSE
	EndGlobalSection
	GlobalSection(ExtensibilityGlobals) = postSolution
		SolutionGuid = {D0DA95C8-06FF-4ED1-AAD8-E92674AA1502}
	EndGlobalSection
EndGlobal
