
Microsoft Visual Studio Solution File, Format Version 12.00
# Visual Studio Version 16
VisualStudioVersion = 16.0.31105.61
MinimumVisualStudioVersion = 10.0.40219.1
Project("{FAE04EC0-301F-11D3-BF4B-00C04F79EFBC}") = "Rozdzial7_zad12b", "Rozdzial7_zad12b\Rozdzial7_zad12b.csproj", "{F7A8623F-97A6-4CD6-8626-08878CD16320}"
EndProject
Global
	GlobalSection(SolutionConfigurationPlatforms) = preSolution
		Debug|Any CPU = Debug|Any CPU
		Release|Any CPU = Release|Any CPU
	EndGlobalSection
	GlobalSection(ProjectConfigurationPlatforms) = postSolution
		{F7A8623F-97A6-4CD6-8626-08878CD16320}.Debug|Any CPU.ActiveCfg = Debug|Any CPU
		{F7A8623F-97A6-4CD6-8626-08878CD16320}.Debug|Any CPU.Build.0 = Debug|Any CPU
		{F7A8623F-97A6-4CD6-8626-08878CD16320}.Release|Any CPU.ActiveCfg = Release|Any CPU
		{F7A8623F-97A6-4CD6-8626-08878CD16320}.Release|Any CPU.Build.0 = Release|Any CPU
	EndGlobalSection
	GlobalSection(SolutionProperties) = preSolution
		HideSolutionNode = FALSE
	EndGlobalSection
	GlobalSection(ExtensibilityGlobals) = postSolution
		SolutionGuid = {079FC34C-FD94-4DF0-8C0B-FE650C492138}
	EndGlobalSection
EndGlobal
