
Microsoft Visual Studio Solution File, Format Version 12.00
# Visual Studio Version 16
VisualStudioVersion = 16.0.31424.327
MinimumVisualStudioVersion = 10.0.40219.1
Project("{FAE04EC0-301F-11D3-BF4B-00C04F79EFBC}") = "Chapter18_zad9", "Chapter18_zad9\Chapter18_zad9.csproj", "{4F113844-B606-4667-99CB-B873EEC958F3}"
EndProject
Global
	GlobalSection(SolutionConfigurationPlatforms) = preSolution
		Debug|Any CPU = Debug|Any CPU
		Release|Any CPU = Release|Any CPU
	EndGlobalSection
	GlobalSection(ProjectConfigurationPlatforms) = postSolution
		{4F113844-B606-4667-99CB-B873EEC958F3}.Debug|Any CPU.ActiveCfg = Debug|Any CPU
		{4F113844-B606-4667-99CB-B873EEC958F3}.Debug|Any CPU.Build.0 = Debug|Any CPU
		{4F113844-B606-4667-99CB-B873EEC958F3}.Release|Any CPU.ActiveCfg = Release|Any CPU
		{4F113844-B606-4667-99CB-B873EEC958F3}.Release|Any CPU.Build.0 = Release|Any CPU
	EndGlobalSection
	GlobalSection(SolutionProperties) = preSolution
		HideSolutionNode = FALSE
	EndGlobalSection
	GlobalSection(ExtensibilityGlobals) = postSolution
		SolutionGuid = {9E5CB5FA-A0A0-4B4E-82DB-033300A01983}
	EndGlobalSection
EndGlobal
