
Microsoft Visual Studio Solution File, Format Version 12.00
# Visual Studio Version 16
VisualStudioVersion = 16.0.31105.61
MinimumVisualStudioVersion = 10.0.40219.1
Project("{FAE04EC0-301F-11D3-BF4B-00C04F79EFBC}") = "Rozdzial7_zad18", "Rozdzial7_zad18\Rozdzial7_zad18.csproj", "{4203F163-61E8-4E1F-9C06-36B8918CC141}"
EndProject
Global
	GlobalSection(SolutionConfigurationPlatforms) = preSolution
		Debug|Any CPU = Debug|Any CPU
		Release|Any CPU = Release|Any CPU
	EndGlobalSection
	GlobalSection(ProjectConfigurationPlatforms) = postSolution
		{4203F163-61E8-4E1F-9C06-36B8918CC141}.Debug|Any CPU.ActiveCfg = Debug|Any CPU
		{4203F163-61E8-4E1F-9C06-36B8918CC141}.Debug|Any CPU.Build.0 = Debug|Any CPU
		{4203F163-61E8-4E1F-9C06-36B8918CC141}.Release|Any CPU.ActiveCfg = Release|Any CPU
		{4203F163-61E8-4E1F-9C06-36B8918CC141}.Release|Any CPU.Build.0 = Release|Any CPU
	EndGlobalSection
	GlobalSection(SolutionProperties) = preSolution
		HideSolutionNode = FALSE
	EndGlobalSection
	GlobalSection(ExtensibilityGlobals) = postSolution
		SolutionGuid = {04629D11-A7B9-4D4A-A847-6A9A6F7DB5BC}
	EndGlobalSection
EndGlobal
