
Microsoft Visual Studio Solution File, Format Version 12.00
# Visual Studio Version 16
VisualStudioVersion = 16.0.31105.61
MinimumVisualStudioVersion = 10.0.40219.1
Project("{FAE04EC0-301F-11D3-BF4B-00C04F79EFBC}") = "Rozdzial11_zad11", "Rozdzial11_zad11\Rozdzial11_zad11.csproj", "{68CDB2CD-529E-4901-84FA-F48601A06D01}"
EndProject
Global
	GlobalSection(SolutionConfigurationPlatforms) = preSolution
		Debug|Any CPU = Debug|Any CPU
		Release|Any CPU = Release|Any CPU
	EndGlobalSection
	GlobalSection(ProjectConfigurationPlatforms) = postSolution
		{68CDB2CD-529E-4901-84FA-F48601A06D01}.Debug|Any CPU.ActiveCfg = Debug|Any CPU
		{68CDB2CD-529E-4901-84FA-F48601A06D01}.Debug|Any CPU.Build.0 = Debug|Any CPU
		{68CDB2CD-529E-4901-84FA-F48601A06D01}.Release|Any CPU.ActiveCfg = Release|Any CPU
		{68CDB2CD-529E-4901-84FA-F48601A06D01}.Release|Any CPU.Build.0 = Release|Any CPU
	EndGlobalSection
	GlobalSection(SolutionProperties) = preSolution
		HideSolutionNode = FALSE
	EndGlobalSection
	GlobalSection(ExtensibilityGlobals) = postSolution
		SolutionGuid = {CC51E684-FABD-42ED-A6B5-AAE34E219DA8}
	EndGlobalSection
EndGlobal
