
Microsoft Visual Studio Solution File, Format Version 12.00
# Visual Studio Version 16
VisualStudioVersion = 16.0.31105.61
MinimumVisualStudioVersion = 10.0.40219.1
Project("{FAE04EC0-301F-11D3-BF4B-00C04F79EFBC}") = "Rozdzial13_zad18", "Rozdzial13_zad18\Rozdzial13_zad18.csproj", "{C37AC7EB-D545-432E-8A53-FFC12DC2E8E4}"
EndProject
Global
	GlobalSection(SolutionConfigurationPlatforms) = preSolution
		Debug|Any CPU = Debug|Any CPU
		Release|Any CPU = Release|Any CPU
	EndGlobalSection
	GlobalSection(ProjectConfigurationPlatforms) = postSolution
		{C37AC7EB-D545-432E-8A53-FFC12DC2E8E4}.Debug|Any CPU.ActiveCfg = Debug|Any CPU
		{C37AC7EB-D545-432E-8A53-FFC12DC2E8E4}.Debug|Any CPU.Build.0 = Debug|Any CPU
		{C37AC7EB-D545-432E-8A53-FFC12DC2E8E4}.Release|Any CPU.ActiveCfg = Release|Any CPU
		{C37AC7EB-D545-432E-8A53-FFC12DC2E8E4}.Release|Any CPU.Build.0 = Release|Any CPU
	EndGlobalSection
	GlobalSection(SolutionProperties) = preSolution
		HideSolutionNode = FALSE
	EndGlobalSection
	GlobalSection(ExtensibilityGlobals) = postSolution
		SolutionGuid = {337B9E26-E72F-4BA6-8887-3DFE8D5BDE41}
	EndGlobalSection
EndGlobal
