
Microsoft Visual Studio Solution File, Format Version 12.00
# Visual Studio Version 16
VisualStudioVersion = 16.0.31005.135
MinimumVisualStudioVersion = 10.0.40219.1
Project("{FAE04EC0-301F-11D3-BF4B-00C04F79EFBC}") = "Rozdzial6_zad5", "Rozdzial6_zad5\Rozdzial6_zad5.csproj", "{C87CBD11-927D-48F6-A77F-2E7A79970974}"
EndProject
Global
	GlobalSection(SolutionConfigurationPlatforms) = preSolution
		Debug|Any CPU = Debug|Any CPU
		Release|Any CPU = Release|Any CPU
	EndGlobalSection
	GlobalSection(ProjectConfigurationPlatforms) = postSolution
		{C87CBD11-927D-48F6-A77F-2E7A79970974}.Debug|Any CPU.ActiveCfg = Debug|Any CPU
		{C87CBD11-927D-48F6-A77F-2E7A79970974}.Debug|Any CPU.Build.0 = Debug|Any CPU
		{C87CBD11-927D-48F6-A77F-2E7A79970974}.Release|Any CPU.ActiveCfg = Release|Any CPU
		{C87CBD11-927D-48F6-A77F-2E7A79970974}.Release|Any CPU.Build.0 = Release|Any CPU
	EndGlobalSection
	GlobalSection(SolutionProperties) = preSolution
		HideSolutionNode = FALSE
	EndGlobalSection
	GlobalSection(ExtensibilityGlobals) = postSolution
		SolutionGuid = {9D35608C-A176-4AC2-A0F6-65253562B32A}
	EndGlobalSection
EndGlobal
