
Microsoft Visual Studio Solution File, Format Version 12.00
# Visual Studio Version 16
VisualStudioVersion = 16.0.31105.61
MinimumVisualStudioVersion = 10.0.40219.1
Project("{FAE04EC0-301F-11D3-BF4B-00C04F79EFBC}") = "Rozdzial7_zad12c", "Rozdzial7_zad12c\Rozdzial7_zad12c.csproj", "{07B834AC-A521-43FC-964B-9013F320F585}"
EndProject
Global
	GlobalSection(SolutionConfigurationPlatforms) = preSolution
		Debug|Any CPU = Debug|Any CPU
		Release|Any CPU = Release|Any CPU
	EndGlobalSection
	GlobalSection(ProjectConfigurationPlatforms) = postSolution
		{07B834AC-A521-43FC-964B-9013F320F585}.Debug|Any CPU.ActiveCfg = Debug|Any CPU
		{07B834AC-A521-43FC-964B-9013F320F585}.Debug|Any CPU.Build.0 = Debug|Any CPU
		{07B834AC-A521-43FC-964B-9013F320F585}.Release|Any CPU.ActiveCfg = Release|Any CPU
		{07B834AC-A521-43FC-964B-9013F320F585}.Release|Any CPU.Build.0 = Release|Any CPU
	EndGlobalSection
	GlobalSection(SolutionProperties) = preSolution
		HideSolutionNode = FALSE
	EndGlobalSection
	GlobalSection(ExtensibilityGlobals) = postSolution
		SolutionGuid = {7DE0E041-DD31-4EDD-AB10-1BA4013A4620}
	EndGlobalSection
EndGlobal
