
Microsoft Visual Studio Solution File, Format Version 12.00
# Visual Studio Version 16
VisualStudioVersion = 16.0.31105.61
MinimumVisualStudioVersion = 10.0.40219.1
Project("{FAE04EC0-301F-11D3-BF4B-00C04F79EFBC}") = "Rozdzial15_zad1", "Rozdzial15_zad1\Rozdzial15_zad1.csproj", "{91EB46ED-9137-4E47-8607-21DD5846342B}"
EndProject
Global
	GlobalSection(SolutionConfigurationPlatforms) = preSolution
		Debug|Any CPU = Debug|Any CPU
		Release|Any CPU = Release|Any CPU
	EndGlobalSection
	GlobalSection(ProjectConfigurationPlatforms) = postSolution
		{91EB46ED-9137-4E47-8607-21DD5846342B}.Debug|Any CPU.ActiveCfg = Debug|Any CPU
		{91EB46ED-9137-4E47-8607-21DD5846342B}.Debug|Any CPU.Build.0 = Debug|Any CPU
		{91EB46ED-9137-4E47-8607-21DD5846342B}.Release|Any CPU.ActiveCfg = Release|Any CPU
		{91EB46ED-9137-4E47-8607-21DD5846342B}.Release|Any CPU.Build.0 = Release|Any CPU
	EndGlobalSection
	GlobalSection(SolutionProperties) = preSolution
		HideSolutionNode = FALSE
	EndGlobalSection
	GlobalSection(ExtensibilityGlobals) = postSolution
		SolutionGuid = {FD57647C-7177-40A0-BCAB-81E302AD00ED}
	EndGlobalSection
EndGlobal
