
Microsoft Visual Studio Solution File, Format Version 12.00
# Visual Studio Version 16
VisualStudioVersion = 16.0.31005.135
MinimumVisualStudioVersion = 10.0.40219.1
Project("{FAE04EC0-301F-11D3-BF4B-00C04F79EFBC}") = "Rozdzial5_zad11", "Rozdzial5_zad11\Rozdzial5_zad11.csproj", "{5D2775AE-E5DE-4754-A66D-4309DBD83FEB}"
EndProject
Global
	GlobalSection(SolutionConfigurationPlatforms) = preSolution
		Debug|Any CPU = Debug|Any CPU
		Release|Any CPU = Release|Any CPU
	EndGlobalSection
	GlobalSection(ProjectConfigurationPlatforms) = postSolution
		{5D2775AE-E5DE-4754-A66D-4309DBD83FEB}.Debug|Any CPU.ActiveCfg = Debug|Any CPU
		{5D2775AE-E5DE-4754-A66D-4309DBD83FEB}.Debug|Any CPU.Build.0 = Debug|Any CPU
		{5D2775AE-E5DE-4754-A66D-4309DBD83FEB}.Release|Any CPU.ActiveCfg = Release|Any CPU
		{5D2775AE-E5DE-4754-A66D-4309DBD83FEB}.Release|Any CPU.Build.0 = Release|Any CPU
	EndGlobalSection
	GlobalSection(SolutionProperties) = preSolution
		HideSolutionNode = FALSE
	EndGlobalSection
	GlobalSection(ExtensibilityGlobals) = postSolution
		SolutionGuid = {0855E674-7348-49F0-A69D-CDF2BC8DBDF5}
	EndGlobalSection
EndGlobal
