
Microsoft Visual Studio Solution File, Format Version 12.00
# Visual Studio Version 16
VisualStudioVersion = 16.0.31105.61
MinimumVisualStudioVersion = 10.0.40219.1
Project("{FAE04EC0-301F-11D3-BF4B-00C04F79EFBC}") = "Rozdzial13_zad2", "Rozdzial13_zad2\Rozdzial13_zad2.csproj", "{4DE2E44A-1073-43CB-A5C5-7C01E4E68EB0}"
EndProject
Global
	GlobalSection(SolutionConfigurationPlatforms) = preSolution
		Debug|Any CPU = Debug|Any CPU
		Release|Any CPU = Release|Any CPU
	EndGlobalSection
	GlobalSection(ProjectConfigurationPlatforms) = postSolution
		{4DE2E44A-1073-43CB-A5C5-7C01E4E68EB0}.Debug|Any CPU.ActiveCfg = Debug|Any CPU
		{4DE2E44A-1073-43CB-A5C5-7C01E4E68EB0}.Debug|Any CPU.Build.0 = Debug|Any CPU
		{4DE2E44A-1073-43CB-A5C5-7C01E4E68EB0}.Release|Any CPU.ActiveCfg = Release|Any CPU
		{4DE2E44A-1073-43CB-A5C5-7C01E4E68EB0}.Release|Any CPU.Build.0 = Release|Any CPU
	EndGlobalSection
	GlobalSection(SolutionProperties) = preSolution
		HideSolutionNode = FALSE
	EndGlobalSection
	GlobalSection(ExtensibilityGlobals) = postSolution
		SolutionGuid = {756DFA2B-288E-4C8E-A7A9-D145CA64C096}
	EndGlobalSection
EndGlobal
