
Microsoft Visual Studio Solution File, Format Version 12.00
# Visual Studio Version 16
VisualStudioVersion = 16.0.31424.327
MinimumVisualStudioVersion = 10.0.40219.1
Project("{FAE04EC0-301F-11D3-BF4B-00C04F79EFBC}") = "Chapter18_zad8", "Chapter18_zad8\Chapter18_zad8.csproj", "{BC47E286-BE29-4C97-BA51-925EF6765423}"
EndProject
Global
	GlobalSection(SolutionConfigurationPlatforms) = preSolution
		Debug|Any CPU = Debug|Any CPU
		Release|Any CPU = Release|Any CPU
	EndGlobalSection
	GlobalSection(ProjectConfigurationPlatforms) = postSolution
		{BC47E286-BE29-4C97-BA51-925EF6765423}.Debug|Any CPU.ActiveCfg = Debug|Any CPU
		{BC47E286-BE29-4C97-BA51-925EF6765423}.Debug|Any CPU.Build.0 = Debug|Any CPU
		{BC47E286-BE29-4C97-BA51-925EF6765423}.Release|Any CPU.ActiveCfg = Release|Any CPU
		{BC47E286-BE29-4C97-BA51-925EF6765423}.Release|Any CPU.Build.0 = Release|Any CPU
	EndGlobalSection
	GlobalSection(SolutionProperties) = preSolution
		HideSolutionNode = FALSE
	EndGlobalSection
	GlobalSection(ExtensibilityGlobals) = postSolution
		SolutionGuid = {C9E7D759-5AC6-4868-850D-DAA2A7C9BA1D}
	EndGlobalSection
EndGlobal
