
Microsoft Visual Studio Solution File, Format Version 12.00
# Visual Studio Version 16
VisualStudioVersion = 16.0.31105.61
MinimumVisualStudioVersion = 10.0.40219.1
Project("{FAE04EC0-301F-11D3-BF4B-00C04F79EFBC}") = "Rozdzial7_zad23", "Rozdzial7_zad23\Rozdzial7_zad23.csproj", "{4FFCC5C7-34F2-4B7A-8531-05357139F846}"
EndProject
Global
	GlobalSection(SolutionConfigurationPlatforms) = preSolution
		Debug|Any CPU = Debug|Any CPU
		Release|Any CPU = Release|Any CPU
	EndGlobalSection
	GlobalSection(ProjectConfigurationPlatforms) = postSolution
		{4FFCC5C7-34F2-4B7A-8531-05357139F846}.Debug|Any CPU.ActiveCfg = Debug|Any CPU
		{4FFCC5C7-34F2-4B7A-8531-05357139F846}.Debug|Any CPU.Build.0 = Debug|Any CPU
		{4FFCC5C7-34F2-4B7A-8531-05357139F846}.Release|Any CPU.ActiveCfg = Release|Any CPU
		{4FFCC5C7-34F2-4B7A-8531-05357139F846}.Release|Any CPU.Build.0 = Release|Any CPU
	EndGlobalSection
	GlobalSection(SolutionProperties) = preSolution
		HideSolutionNode = FALSE
	EndGlobalSection
	GlobalSection(ExtensibilityGlobals) = postSolution
		SolutionGuid = {792D3D37-1457-4B54-B044-9858D0E1BDF5}
	EndGlobalSection
EndGlobal
